
Microsoft Visual Studio Solution File, Format Version 12.00
# Visual Studio Version 17
VisualStudioVersion = 17.8.34511.84
MinimumVisualStudioVersion = 10.0.40219.1
Project("{FAE04EC0-301F-11D3-BF4B-00C04F79EFBC}") = "ProductDotnet", "ProductDotnet\ProductDotnet.csproj", "{D8FE74F1-650E-4295-B76A-DF61317523BA}"
EndProject
Global
	GlobalSection(SolutionConfigurationPlatforms) = preSolution
		Debug|Any CPU = Debug|Any CPU
		Release|Any CPU = Release|Any CPU
	EndGlobalSection
	GlobalSection(ProjectConfigurationPlatforms) = postSolution
		{D8FE74F1-650E-4295-B76A-DF61317523BA}.Debug|Any CPU.ActiveCfg = Debug|Any CPU
		{D8FE74F1-650E-4295-B76A-DF61317523BA}.Debug|Any CPU.Build.0 = Debug|Any CPU
		{D8FE74F1-650E-4295-B76A-DF61317523BA}.Release|Any CPU.ActiveCfg = Release|Any CPU
		{D8FE74F1-650E-4295-B76A-DF61317523BA}.Release|Any CPU.Build.0 = Release|Any CPU
	EndGlobalSection
	GlobalSection(SolutionProperties) = preSolution
		HideSolutionNode = FALSE
	EndGlobalSection
	GlobalSection(ExtensibilityGlobals) = postSolution
		SolutionGuid = {CA62B908-40EF-43EE-9CCC-FD2F4E899B01}
	EndGlobalSection
EndGlobal
